# Generated by eve-rails. Do not edit generated regions.
resolved:
  catalog/tools/create_ticket@1.0.0:
    source: manifests/catalog.yml
  catalog/tools/lookup_policy@1.0.0:
    source: manifests/catalog.yml
  catalog/tools/search_customers@1.0.0:
    source: manifests/catalog.yml
  catalog/skills/summarize_thread@1.0.0:
    source: manifests/catalog.yml
  catalog/skills/triage_customer_issue@1.0.0:
    source: manifests/catalog.yml
  catalog/memory/customer_profile@1.0.0:
    source: manifests/catalog.yml
  catalog/channels/web@1.0.0:
    source: manifests/catalog.yml
  catalog/channels/slack@1.0.0:
    source: manifests/catalog.yml
  catalog/evals/standard@1.0.0:
    source: manifests/catalog.yml
  catalog/evals/tone@1.0.0:
    source: manifests/catalog.yml
  catalog/evals/tool-selection@1.0.0:
    source: manifests/catalog.yml
