# Generated by eve-rails. Do not edit generated regions.
resolved:
  catalog/tools/create_ticket@1.0.0:
    source: manifests/catalog.yml
    digest: fnv64:fffeb3db572544de
  catalog/tools/lookup_policy@1.0.0:
    source: manifests/catalog.yml
    digest: fnv64:8a98abf3a96cd546
  catalog/tools/search_customers@1.0.0:
    source: manifests/catalog.yml
    digest: fnv64:d85744067e248b25
  catalog/skills/summarize_thread@1.0.0:
    source: manifests/catalog.yml
    digest: fnv64:7a3373643075a084
  catalog/skills/triage_customer_issue@1.0.0:
    source: manifests/catalog.yml
    digest: fnv64:9760459691a10a39
  catalog/memory/customer_profile@1.0.0:
    source: manifests/catalog.yml
    digest: fnv64:833c208db5c641f3
  catalog/channels/web@1.0.0:
    source: manifests/catalog.yml
    digest: fnv64:e4c17761f77a5148
  catalog/channels/slack@1.0.0:
    source: manifests/catalog.yml
    digest: fnv64:938e0250aa234a6a
  catalog/evals/standard@1.0.0:
    source: manifests/catalog.yml
    digest: fnv64:63a9b14574577346
  catalog/evals/tone@1.0.0:
    source: manifests/catalog.yml
    digest: fnv64:e6769bec90eed84b
  catalog/evals/tool-selection@1.0.0:
    source: manifests/catalog.yml
    digest: fnv64:edb766870302783a
