# Generated by eve-rails. Do not edit generated regions.
resolved:
  catalog/tools/lookup_policy@1.0.0:
    source: manifests/catalog.yml
  catalog/tools/prepare_refund@1.0.0:
    source: manifests/catalog.yml
  catalog/tools/search_customers@1.0.0:
    source: manifests/catalog.yml
  catalog/skills/handle_refund@1.0.0:
    source: manifests/catalog.yml
  catalog/memory/customer_profile@1.0.0:
    source: manifests/catalog.yml
  catalog/channels/web@1.0.0:
    source: manifests/catalog.yml
  catalog/evals/standard@1.0.0:
    source: manifests/catalog.yml
  catalog/evals/tone@1.0.0:
    source: manifests/catalog.yml
  catalog/evals/tool-selection@1.0.0:
    source: manifests/catalog.yml
