# Generated by eve-rails. Do not edit generated regions.
resolved:
  runtime/eve@0.24.4:
    source: package.json
    digest: runtime:eve:0.24.4
  catalog/tools/lookup_policy@1.0.0:
    source: manifests/catalog.yml
    digest: fnv64:8a98abf3a96cd546
  catalog/tools/prepare_refund@1.0.0:
    source: manifests/catalog.yml
    digest: fnv64:d5199b3f92d975c5
  catalog/tools/search_customers@1.0.0:
    source: manifests/catalog.yml
    digest: fnv64:d85744067e248b25
  catalog/skills/handle_refund@1.0.0:
    source: manifests/catalog.yml
    digest: fnv64:66817160b3fe8ffd
  catalog/memory/customer_profile@1.0.0:
    source: manifests/catalog.yml
    digest: fnv64:833c208db5c641f3
  catalog/channels/web@1.0.0:
    source: manifests/catalog.yml
    digest: fnv64:e4c17761f77a5148
  catalog/schedules/weekday_triage@1.0.0:
    source: manifests/catalog.yml
    digest: fnv64:de841c8d0ed9b297
  catalog/evals/standard@1.0.0:
    source: manifests/catalog.yml
    digest: fnv64:63a9b14574577346
  catalog/evals/tone@1.0.0:
    source: manifests/catalog.yml
    digest: fnv64:e6769bec90eed84b
  catalog/evals/tool-selection@1.0.0:
    source: manifests/catalog.yml
    digest: fnv64:edb766870302783a
